<?xml version="1.0" encoding="utf-8"?>
<Project ToolsVersion="4.0" xmlns="http://schemas.microsoft.com/developer/msbuild/2003">
  <ItemGroup>
    <Filter Include="res">
      <UniqueIdentifier>{73ed3e2f-dc7d-448f-a68c-d437127a948d}</UniqueIdentifier>
    </Filter>
    <Filter Include="src">
      <UniqueIdentifier>{11f0a268-f743-4be8-af55-086b25daa5e7}</UniqueIdentifier>
    </Filter>
    <Filter Include="src\Instruments">
      <UniqueIdentifier>{afe6016a-8b03-4649-a4d7-3b5295f140c5}</UniqueIdentifier>
    </Filter>
    <Filter Include="src\Screens">
      <UniqueIdentifier>{b6386f2d-7d45-4645-8b22-60839b90ab01}</UniqueIdentifier>
    </Filter>
    <Filter Include="src\Buttons">
      <UniqueIdentifier>{312f90dd-4f57-4b50-985b-50f3200d4250}</UniqueIdentifier>
    </Filter>
  </ItemGroup>
  <ItemGroup>
    <ClCompile Include="src\main.cpp">
      <Filter>src</Filter>
    </ClCompile>
    <ClCompile Include="src\HistoryManager.cpp">
      <Filter>src</Filter>
    </ClCompile>
    <ClCompile Include="src\InputManager.cpp">
      <Filter>src</Filter>
    </ClCompile>
    <ClCompile Include="src\Shapes.cpp">
      <Filter>src</Filter>
    </ClCompile>
    <ClCompile Include="src\Instruments\Pencil.cpp">
      <Filter>src\Instruments</Filter>
    </ClCompile>
    <ClCompile Include="src\Instruments\Confetti.cpp">
      <Filter>src\Instruments</Filter>
    </ClCompile>
    <ClCompile Include="src\Instruments\Spray.cpp">
      <Filter>src\Instruments</Filter>
    </ClCompile>
    <ClCompile Include="src\Screens\ReplayScreen.cpp">
      <Filter>src\Screens</Filter>
    </ClCompile>
    <ClCompile Include="src\Screens\Screen.cpp">
      <Filter>src\Screens</Filter>
    </ClCompile>
    <ClCompile Include="src\Buttons\ColourButton.cpp">
      <Filter>src\Buttons</Filter>
    </ClCompile>
    <ClCompile Include="src\Buttons\SelectableButton.cpp">
      <Filter>src\Buttons</Filter>
    </ClCompile>
    <ClCompile Include="src\Buttons\InstrumentButton.cpp">
      <Filter>src\Buttons</Filter>
    </ClCompile>
    <ClCompile Include="src\Instruments\Eraser.cpp">
      <Filter>src\Instruments</Filter>
    </ClCompile>
    <ClCompile Include="src\Screens\DrawScreen.cpp">
      <Filter>src\Screens</Filter>
    </ClCompile>
    <ClCompile Include="src\Screens\ScreenManager.cpp">
      <Filter>src\Screens</Filter>
    </ClCompile>
    <ClCompile Include="src\Instruments\InstrumentManager.cpp">
      <Filter>src\Instruments</Filter>
    </ClCompile>
  </ItemGroup>
  <ItemGroup>
    <ClInclude Include="src\ColorHelper.h">
      <Filter>src</Filter>
    </ClInclude>
    <ClInclude Include="src\HistoryManager.h">
      <Filter>src</Filter>
    </ClInclude>
    <ClInclude Include="src\InputManager.h">
      <Filter>src</Filter>
    </ClInclude>
    <ClInclude Include="src\Shape.h">
      <Filter>src</Filter>
    </ClInclude>
    <ClInclude Include="src\Instruments\Pencil.h">
      <Filter>src\Instruments</Filter>
    </ClInclude>
    <ClInclude Include="src\Instruments\Confetti.h">
      <Filter>src\Instruments</Filter>
    </ClInclude>
    <ClInclude Include="src\Instruments\Spray.h">
      <Filter>src\Instruments</Filter>
    </ClInclude>
    <ClInclude Include="src\Screens\ReplayScreen.h">
      <Filter>src\Screens</Filter>
    </ClInclude>
    <ClInclude Include="src\Screens\Screen.h">
      <Filter>src\Screens</Filter>
    </ClInclude>
    <ClInclude Include="src\Buttons\ColourButton.h">
      <Filter>src\Buttons</Filter>
    </ClInclude>
    <ClInclude Include="src\Buttons\SelectableButton.h">
      <Filter>src\Buttons</Filter>
    </ClInclude>
    <ClInclude Include="src\Buttons\InstrumentButton.h">
      <Filter>src\Buttons</Filter>
    </ClInclude>
    <ClInclude Include="src\Instruments\Eraser.h">
      <Filter>src\Instruments</Filter>
    </ClInclude>
    <ClInclude Include="src\Screens\DrawScreen.h">
      <Filter>src\Screens</Filter>
    </ClInclude>
    <ClInclude Include="src\Screens\ScreenManager.h">
      <Filter>src\Screens</Filter>
    </ClInclude>
    <ClInclude Include="src\Instruments\Instrument.h">
      <Filter>src\Instruments</Filter>
    </ClInclude>
    <ClInclude Include="src\Instruments\InstrumentManager.h">
      <Filter>src\Instruments</Filter>
    </ClInclude>
    <ClInclude Include="src\Instruments\InstrumentTypes.h">
      <Filter>src\Instruments</Filter>
    </ClInclude>
    <ClInclude Include="src\Instruments\InstrumentWrapper.h">
      <Filter>src\Instruments</Filter>
    </ClInclude>
  </ItemGroup>
</Project>